
Microsoft Visual Studio Solution File, Format Version 12.00
# Visual Studio Version 16
VisualStudioVersion = 16.0.29306.81
MinimumVisualStudioVersion = 10.0.40219.1
Project("{FAE04EC0-301F-11D3-BF4B-00C04F79EFBC}") = "ILA", "ILA\ILA.csproj", "{0F0B63B8-3E69-4D4B-9622-FC7EE47BCDA7}"
EndProject
Global
	GlobalSection(SolutionConfigurationPlatforms) = preSolution
		Debug|Any CPU = Debug|Any CPU
		Release|Any CPU = Release|Any CPU
	EndGlobalSection
	GlobalSection(ProjectConfigurationPlatforms) = postSolution
		{0F0B63B8-3E69-4D4B-9622-FC7EE47BCDA7}.Debug|Any CPU.ActiveCfg = Debug|Any CPU
		{0F0B63B8-3E69-4D4B-9622-FC7EE47BCDA7}.Debug|Any CPU.Build.0 = Debug|Any CPU
		{0F0B63B8-3E69-4D4B-9622-FC7EE47BCDA7}.Release|Any CPU.ActiveCfg = Release|Any CPU
		{0F0B63B8-3E69-4D4B-9622-FC7EE47BCDA7}.Release|Any CPU.Build.0 = Release|Any CPU
	EndGlobalSection
	GlobalSection(SolutionProperties) = preSolution
		HideSolutionNode = FALSE
	EndGlobalSection
	GlobalSection(ExtensibilityGlobals) = postSolution
		SolutionGuid = {9656DA8B-9896-4521-9C2C-ACDE0639A1EC}
	EndGlobalSection
EndGlobal
